// !$*UTF8*$!
{
	archiveVersion = 1;
	classes = {
	};
	objectVersion = 56;
	objects = {

/* Begin PBXBuildFile section */
		A10001010000000000000001 /* IncomeTrackerApp.swift in Sources */ = {isa = PBXBuildFile; fileRef = A20001010000000000000001 /* IncomeTrackerApp.swift */; };
		A10001010000000000000002 /* AppTheme.swift in Sources */ = {isa = PBXBuildFile; fileRef = A20001010000000000000002 /* AppTheme.swift */; };
		A10001010000000000000003 /* Enums.swift in Sources */ = {isa = PBXBuildFile; fileRef = A20001010000000000000003 /* Enums.swift */; };
		A10001010000000000000004 /* Worker.swift in Sources */ = {isa = PBXBuildFile; fileRef = A20001010000000000000004 /* Worker.swift */; };
		A10001010000000000000005 /* Transaction.swift in Sources */ = {isa = PBXBuildFile; fileRef = A20001010000000000000005 /* Transaction.swift */; };
		A10001010000000000000007 /* DashboardViewModel.swift in Sources */ = {isa = PBXBuildFile; fileRef = A20001010000000000000007 /* DashboardViewModel.swift */; };
		A10001010000000000000008 /* TransactionsViewModel.swift in Sources */ = {isa = PBXBuildFile; fileRef = A20001010000000000000008 /* TransactionsViewModel.swift */; };
		A10001010000000000000009 /* WorkersViewModel.swift in Sources */ = {isa = PBXBuildFile; fileRef = A20001010000000000000009 /* WorkersViewModel.swift */; };
		A10001010000000000000010 /* SettingsViewModel.swift in Sources */ = {isa = PBXBuildFile; fileRef = A20001010000000000000010 /* SettingsViewModel.swift */; };
		A10001010000000000000011 /* DashboardView.swift in Sources */ = {isa = PBXBuildFile; fileRef = A20001010000000000000011 /* DashboardView.swift */; };
		A10001010000000000000012 /* IncomeChartView.swift in Sources */ = {isa = PBXBuildFile; fileRef = A20001010000000000000012 /* IncomeChartView.swift */; };
		A10001010000000000000013 /* SourceBreakdownCard.swift in Sources */ = {isa = PBXBuildFile; fileRef = A20001010000000000000013 /* SourceBreakdownCard.swift */; };
		A10001010000000000000014 /* TransactionsListView.swift in Sources */ = {isa = PBXBuildFile; fileRef = A20001010000000000000014 /* TransactionsListView.swift */; };
		A10001010000000000000015 /* TransactionDetailSheet.swift in Sources */ = {isa = PBXBuildFile; fileRef = A20001010000000000000015 /* TransactionDetailSheet.swift */; };
		A10001010000000000000016 /* TransactionFilterBar.swift in Sources */ = {isa = PBXBuildFile; fileRef = A20001010000000000000016 /* TransactionFilterBar.swift */; };
		A10001010000000000000017 /* WorkersListView.swift in Sources */ = {isa = PBXBuildFile; fileRef = A20001010000000000000017 /* WorkersListView.swift */; };
		A10001010000000000000018 /* WorkerDetailView.swift in Sources */ = {isa = PBXBuildFile; fileRef = A20001010000000000000018 /* WorkerDetailView.swift */; };
		A10001010000000000000019 /* AddWorkerSheet.swift in Sources */ = {isa = PBXBuildFile; fileRef = A20001010000000000000019 /* AddWorkerSheet.swift */; };
		A10001010000000000000020 /* SettingsView.swift in Sources */ = {isa = PBXBuildFile; fileRef = A20001010000000000000020 /* SettingsView.swift */; };
		A10001010000000000000021 /* AvatarView.swift in Sources */ = {isa = PBXBuildFile; fileRef = A20001010000000000000021 /* AvatarView.swift */; };
		A10001010000000000000022 /* SourceBadge.swift in Sources */ = {isa = PBXBuildFile; fileRef = A20001010000000000000022 /* SourceBadge.swift */; };
		A10001010000000000000023 /* PeriodSelector.swift in Sources */ = {isa = PBXBuildFile; fileRef = A20001010000000000000023 /* PeriodSelector.swift */; };
		A10001010000000000000024 /* StatCard.swift in Sources */ = {isa = PBXBuildFile; fileRef = A20001010000000000000024 /* StatCard.swift */; };
		A10001010000000000000025 /* TransactionRow.swift in Sources */ = {isa = PBXBuildFile; fileRef = A20001010000000000000025 /* TransactionRow.swift */; };
		A10001010000000000000026 /* WorkerCard.swift in Sources */ = {isa = PBXBuildFile; fileRef = A20001010000000000000026 /* WorkerCard.swift */; };
		A10001010000000000000027 /* SkeletonView.swift in Sources */ = {isa = PBXBuildFile; fileRef = A20001010000000000000027 /* SkeletonView.swift */; };
		A10001010000000000000028 /* EmptyStateView.swift in Sources */ = {isa = PBXBuildFile; fileRef = A20001010000000000000028 /* EmptyStateView.swift */; };
		A10001010000000000000029 /* Date+Helpers.swift in Sources */ = {isa = PBXBuildFile; fileRef = A20001010000000000000029 /* Date+Helpers.swift */; };
		A10001010000000000000030 /* Decimal+Formatting.swift in Sources */ = {isa = PBXBuildFile; fileRef = A20001010000000000000030 /* Decimal+Formatting.swift */; };
		A10001010000000000000031 /* Color+Brand.swift in Sources */ = {isa = PBXBuildFile; fileRef = A20001010000000000000031 /* Color+Brand.swift */; };
		A10001010000000000000032 /* Assets.xcassets in Resources */ = {isa = PBXBuildFile; fileRef = A20001010000000000000032 /* Assets.xcassets */; };
		A10001010000000000000033 /* APIClient.swift in Sources */ = {isa = PBXBuildFile; fileRef = A20001010000000000000035 /* APIClient.swift */; };
		A10001010000000000000034 /* APIEndpoints.swift in Sources */ = {isa = PBXBuildFile; fileRef = A20001010000000000000036 /* APIEndpoints.swift */; };
		A10001010000000000000035 /* APIModels.swift in Sources */ = {isa = PBXBuildFile; fileRef = A20001010000000000000037 /* APIModels.swift */; };
		A10001010000000000000036 /* NetworkError.swift in Sources */ = {isa = PBXBuildFile; fileRef = A20001010000000000000038 /* NetworkError.swift */; };
		A10001010000000000000037 /* NotificationService.swift in Sources */ = {isa = PBXBuildFile; fileRef = A20001010000000000000039 /* NotificationService.swift */; };
		A10001010000000000000038 /* PollingService.swift in Sources */ = {isa = PBXBuildFile; fileRef = A20001010000000000000040 /* PollingService.swift */; };
		A10001010000000000000039 /* CacheService.swift in Sources */ = {isa = PBXBuildFile; fileRef = A20001010000000000000041 /* CacheService.swift */; };
		A10001010000000000000040 /* shopify_sale.caf in Resources */ = {isa = PBXBuildFile; fileRef = A20001010000000000000042 /* shopify_sale.caf */; };
		A10001010000000000000041 /* ScreenshotViewer.swift in Sources */ = {isa = PBXBuildFile; fileRef = A20001010000000000000043 /* ScreenshotViewer.swift */; };
		A10001010000000000000042 /* EditWorkerSheet.swift in Sources */ = {isa = PBXBuildFile; fileRef = A20001010000000000000044 /* EditWorkerSheet.swift */; };
		A10001010000000000000043 /* TelegramResponseTimeView.swift in Sources */ = {isa = PBXBuildFile; fileRef = A20001010000000000000045 /* TelegramResponseTimeView.swift */; };
		A10001010000000000000044 /* BreakTrackingView.swift in Sources */ = {isa = PBXBuildFile; fileRef = A20001010000000000000046 /* BreakTrackingView.swift */; };
		A10001010000000000000045 /* WorkerEarningsChartView.swift in Sources */ = {isa = PBXBuildFile; fileRef = A20001010000000000000047 /* WorkerEarningsChartView.swift */; };
/* End PBXBuildFile section */

/* Begin PBXFileReference section */
		A20001010000000000000001 /* IncomeTrackerApp.swift */ = {isa = PBXFileReference; lastKnownFileType = sourcecode.swift; path = IncomeTrackerApp.swift; sourceTree = "<group>"; };
		A20001010000000000000002 /* AppTheme.swift */ = {isa = PBXFileReference; lastKnownFileType = sourcecode.swift; path = AppTheme.swift; sourceTree = "<group>"; };
		A20001010000000000000003 /* Enums.swift */ = {isa = PBXFileReference; lastKnownFileType = sourcecode.swift; path = Enums.swift; sourceTree = "<group>"; };
		A20001010000000000000004 /* Worker.swift */ = {isa = PBXFileReference; lastKnownFileType = sourcecode.swift; path = Worker.swift; sourceTree = "<group>"; };
		A20001010000000000000005 /* Transaction.swift */ = {isa = PBXFileReference; lastKnownFileType = sourcecode.swift; path = Transaction.swift; sourceTree = "<group>"; };
		A20001010000000000000007 /* DashboardViewModel.swift */ = {isa = PBXFileReference; lastKnownFileType = sourcecode.swift; path = DashboardViewModel.swift; sourceTree = "<group>"; };
		A20001010000000000000008 /* TransactionsViewModel.swift */ = {isa = PBXFileReference; lastKnownFileType = sourcecode.swift; path = TransactionsViewModel.swift; sourceTree = "<group>"; };
		A20001010000000000000009 /* WorkersViewModel.swift */ = {isa = PBXFileReference; lastKnownFileType = sourcecode.swift; path = WorkersViewModel.swift; sourceTree = "<group>"; };
		A20001010000000000000010 /* SettingsViewModel.swift */ = {isa = PBXFileReference; lastKnownFileType = sourcecode.swift; path = SettingsViewModel.swift; sourceTree = "<group>"; };
		A20001010000000000000011 /* DashboardView.swift */ = {isa = PBXFileReference; lastKnownFileType = sourcecode.swift; path = DashboardView.swift; sourceTree = "<group>"; };
		A20001010000000000000012 /* IncomeChartView.swift */ = {isa = PBXFileReference; lastKnownFileType = sourcecode.swift; path = IncomeChartView.swift; sourceTree = "<group>"; };
		A20001010000000000000013 /* SourceBreakdownCard.swift */ = {isa = PBXFileReference; lastKnownFileType = sourcecode.swift; path = SourceBreakdownCard.swift; sourceTree = "<group>"; };
		A20001010000000000000014 /* TransactionsListView.swift */ = {isa = PBXFileReference; lastKnownFileType = sourcecode.swift; path = TransactionsListView.swift; sourceTree = "<group>"; };
		A20001010000000000000015 /* TransactionDetailSheet.swift */ = {isa = PBXFileReference; lastKnownFileType = sourcecode.swift; path = TransactionDetailSheet.swift; sourceTree = "<group>"; };
		A20001010000000000000016 /* TransactionFilterBar.swift */ = {isa = PBXFileReference; lastKnownFileType = sourcecode.swift; path = TransactionFilterBar.swift; sourceTree = "<group>"; };
		A20001010000000000000017 /* WorkersListView.swift */ = {isa = PBXFileReference; lastKnownFileType = sourcecode.swift; path = WorkersListView.swift; sourceTree = "<group>"; };
		A20001010000000000000018 /* WorkerDetailView.swift */ = {isa = PBXFileReference; lastKnownFileType = sourcecode.swift; path = WorkerDetailView.swift; sourceTree = "<group>"; };
		A20001010000000000000019 /* AddWorkerSheet.swift */ = {isa = PBXFileReference; lastKnownFileType = sourcecode.swift; path = AddWorkerSheet.swift; sourceTree = "<group>"; };
		A20001010000000000000020 /* SettingsView.swift */ = {isa = PBXFileReference; lastKnownFileType = sourcecode.swift; path = SettingsView.swift; sourceTree = "<group>"; };
		A20001010000000000000021 /* AvatarView.swift */ = {isa = PBXFileReference; lastKnownFileType = sourcecode.swift; path = AvatarView.swift; sourceTree = "<group>"; };
		A20001010000000000000022 /* SourceBadge.swift */ = {isa = PBXFileReference; lastKnownFileType = sourcecode.swift; path = SourceBadge.swift; sourceTree = "<group>"; };
		A20001010000000000000023 /* PeriodSelector.swift */ = {isa = PBXFileReference; lastKnownFileType = sourcecode.swift; path = PeriodSelector.swift; sourceTree = "<group>"; };
		A20001010000000000000024 /* StatCard.swift */ = {isa = PBXFileReference; lastKnownFileType = sourcecode.swift; path = StatCard.swift; sourceTree = "<group>"; };
		A20001010000000000000025 /* TransactionRow.swift */ = {isa = PBXFileReference; lastKnownFileType = sourcecode.swift; path = TransactionRow.swift; sourceTree = "<group>"; };
		A20001010000000000000026 /* WorkerCard.swift */ = {isa = PBXFileReference; lastKnownFileType = sourcecode.swift; path = WorkerCard.swift; sourceTree = "<group>"; };
		A20001010000000000000027 /* SkeletonView.swift */ = {isa = PBXFileReference; lastKnownFileType = sourcecode.swift; path = SkeletonView.swift; sourceTree = "<group>"; };
		A20001010000000000000028 /* EmptyStateView.swift */ = {isa = PBXFileReference; lastKnownFileType = sourcecode.swift; path = EmptyStateView.swift; sourceTree = "<group>"; };
		A20001010000000000000029 /* Date+Helpers.swift */ = {isa = PBXFileReference; lastKnownFileType = sourcecode.swift; path = "Date+Helpers.swift"; sourceTree = "<group>"; };
		A20001010000000000000030 /* Decimal+Formatting.swift */ = {isa = PBXFileReference; lastKnownFileType = sourcecode.swift; path = "Decimal+Formatting.swift"; sourceTree = "<group>"; };
		A20001010000000000000031 /* Color+Brand.swift */ = {isa = PBXFileReference; lastKnownFileType = sourcecode.swift; path = "Color+Brand.swift"; sourceTree = "<group>"; };
		A20001010000000000000032 /* Assets.xcassets */ = {isa = PBXFileReference; lastKnownFileType = folder.assetcatalog; path = Assets.xcassets; sourceTree = "<group>"; };
		A20001010000000000000033 /* Info.plist */ = {isa = PBXFileReference; lastKnownFileType = text.plist.xml; path = Info.plist; sourceTree = "<group>"; };
		A20001010000000000000034 /* IncomeTracker.app */ = {isa = PBXFileReference; explicitFileType = wrapper.application; includeInIndex = 0; path = IncomeTracker.app; sourceTree = BUILT_PRODUCTS_DIR; };
		A20001010000000000000035 /* APIClient.swift */ = {isa = PBXFileReference; lastKnownFileType = sourcecode.swift; path = APIClient.swift; sourceTree = "<group>"; };
		A20001010000000000000036 /* APIEndpoints.swift */ = {isa = PBXFileReference; lastKnownFileType = sourcecode.swift; path = APIEndpoints.swift; sourceTree = "<group>"; };
		A20001010000000000000037 /* APIModels.swift */ = {isa = PBXFileReference; lastKnownFileType = sourcecode.swift; path = APIModels.swift; sourceTree = "<group>"; };
		A20001010000000000000038 /* NetworkError.swift */ = {isa = PBXFileReference; lastKnownFileType = sourcecode.swift; path = NetworkError.swift; sourceTree = "<group>"; };
		A20001010000000000000039 /* NotificationService.swift */ = {isa = PBXFileReference; lastKnownFileType = sourcecode.swift; path = NotificationService.swift; sourceTree = "<group>"; };
		A20001010000000000000040 /* PollingService.swift */ = {isa = PBXFileReference; lastKnownFileType = sourcecode.swift; path = PollingService.swift; sourceTree = "<group>"; };
		A20001010000000000000041 /* CacheService.swift */ = {isa = PBXFileReference; lastKnownFileType = sourcecode.swift; path = CacheService.swift; sourceTree = "<group>"; };
		A20001010000000000000042 /* shopify_sale.caf */ = {isa = PBXFileReference; lastKnownFileType = file; path = shopify_sale.caf; sourceTree = "<group>"; };
		A20001010000000000000043 /* ScreenshotViewer.swift */ = {isa = PBXFileReference; lastKnownFileType = sourcecode.swift; path = ScreenshotViewer.swift; sourceTree = "<group>"; };
		A20001010000000000000044 /* EditWorkerSheet.swift */ = {isa = PBXFileReference; lastKnownFileType = sourcecode.swift; path = EditWorkerSheet.swift; sourceTree = "<group>"; };
		A20001010000000000000045 /* TelegramResponseTimeView.swift */ = {isa = PBXFileReference; lastKnownFileType = sourcecode.swift; path = TelegramResponseTimeView.swift; sourceTree = "<group>"; };
		A20001010000000000000046 /* BreakTrackingView.swift */ = {isa = PBXFileReference; lastKnownFileType = sourcecode.swift; path = BreakTrackingView.swift; sourceTree = "<group>"; };
		A20001010000000000000047 /* WorkerEarningsChartView.swift */ = {isa = PBXFileReference; lastKnownFileType = sourcecode.swift; path = WorkerEarningsChartView.swift; sourceTree = "<group>"; };
/* End PBXFileReference section */

/* Begin PBXFrameworksBuildPhase section */
		A30001010000000000000001 /* Frameworks */ = {
			isa = PBXFrameworksBuildPhase;
			buildActionMask = 2147483647;
			files = (
			);
			runOnlyForDeploymentPostprocessing = 0;
		};
/* End PBXFrameworksBuildPhase section */

/* Begin PBXGroup section */
		A40001010000000000000001 /* Root */ = {
			isa = PBXGroup;
			children = (
				A40001010000000000000002 /* IncomeTracker */,
				A40001010000000000000099 /* Products */,
			);
			sourceTree = "<group>";
		};
		A40001010000000000000099 /* Products */ = {
			isa = PBXGroup;
			children = (
				A20001010000000000000034 /* IncomeTracker.app */,
			);
			name = Products;
			sourceTree = "<group>";
		};
		A40001010000000000000002 /* IncomeTracker */ = {
			isa = PBXGroup;
			children = (
				A40001010000000000000003 /* App */,
				A40001010000000000000004 /* Theme */,
				A40001010000000000000005 /* Models */,
				A40001010000000000000016 /* Networking */,
				A40001010000000000000017 /* Services */,
				A40001010000000000000007 /* ViewModels */,
				A40001010000000000000008 /* Views */,
				A40001010000000000000015 /* Extensions */,
				A40001010000000000000018 /* Sounds */,
				A20001010000000000000032 /* Assets.xcassets */,
				A20001010000000000000033 /* Info.plist */,
			);
			path = IncomeTracker;
			sourceTree = "<group>";
		};
		A40001010000000000000003 /* App */ = {
			isa = PBXGroup;
			children = (
				A20001010000000000000001 /* IncomeTrackerApp.swift */,
			);
			path = App;
			sourceTree = "<group>";
		};
		A40001010000000000000004 /* Theme */ = {
			isa = PBXGroup;
			children = (
				A20001010000000000000002 /* AppTheme.swift */,
			);
			path = Theme;
			sourceTree = "<group>";
		};
		A40001010000000000000005 /* Models */ = {
			isa = PBXGroup;
			children = (
				A20001010000000000000003 /* Enums.swift */,
				A20001010000000000000004 /* Worker.swift */,
				A20001010000000000000005 /* Transaction.swift */,
			);
			path = Models;
			sourceTree = "<group>";
		};
		A40001010000000000000016 /* Networking */ = {
			isa = PBXGroup;
			children = (
				A20001010000000000000035 /* APIClient.swift */,
				A20001010000000000000036 /* APIEndpoints.swift */,
				A20001010000000000000037 /* APIModels.swift */,
				A20001010000000000000038 /* NetworkError.swift */,
			);
			path = Networking;
			sourceTree = "<group>";
		};
		A40001010000000000000017 /* Services */ = {
			isa = PBXGroup;
			children = (
				A20001010000000000000039 /* NotificationService.swift */,
				A20001010000000000000040 /* PollingService.swift */,
				A20001010000000000000041 /* CacheService.swift */,
			);
			path = Services;
			sourceTree = "<group>";
		};
		A40001010000000000000018 /* Sounds */ = {
			isa = PBXGroup;
			children = (
				A20001010000000000000042 /* shopify_sale.caf */,
			);
			path = Sounds;
			sourceTree = "<group>";
		};
		A40001010000000000000007 /* ViewModels */ = {
			isa = PBXGroup;
			children = (
				A20001010000000000000007 /* DashboardViewModel.swift */,
				A20001010000000000000008 /* TransactionsViewModel.swift */,
				A20001010000000000000009 /* WorkersViewModel.swift */,
				A20001010000000000000010 /* SettingsViewModel.swift */,
			);
			path = ViewModels;
			sourceTree = "<group>";
		};
		A40001010000000000000008 /* Views */ = {
			isa = PBXGroup;
			children = (
				A40001010000000000000009 /* Dashboard */,
				A40001010000000000000010 /* Transactions */,
				A40001010000000000000011 /* Workers */,
				A40001010000000000000012 /* Settings */,
				A40001010000000000000013 /* Components */,
			);
			path = Views;
			sourceTree = "<group>";
		};
		A40001010000000000000009 /* Dashboard */ = {
			isa = PBXGroup;
			children = (
				A20001010000000000000011 /* DashboardView.swift */,
				A20001010000000000000012 /* IncomeChartView.swift */,
				A20001010000000000000013 /* SourceBreakdownCard.swift */,
			);
			path = Dashboard;
			sourceTree = "<group>";
		};
		A40001010000000000000010 /* Transactions */ = {
			isa = PBXGroup;
			children = (
				A20001010000000000000014 /* TransactionsListView.swift */,
				A20001010000000000000015 /* TransactionDetailSheet.swift */,
				A20001010000000000000016 /* TransactionFilterBar.swift */,
				A20001010000000000000043 /* ScreenshotViewer.swift */,
			);
			path = Transactions;
			sourceTree = "<group>";
		};
		A40001010000000000000011 /* Workers */ = {
			isa = PBXGroup;
			children = (
				A20001010000000000000017 /* WorkersListView.swift */,
				A20001010000000000000018 /* WorkerDetailView.swift */,
				A20001010000000000000019 /* AddWorkerSheet.swift */,
				A20001010000000000000044 /* EditWorkerSheet.swift */,
				A20001010000000000000047 /* WorkerEarningsChartView.swift */,
			);
			path = Workers;
			sourceTree = "<group>";
		};
		A40001010000000000000012 /* Settings */ = {
			isa = PBXGroup;
			children = (
				A20001010000000000000020 /* SettingsView.swift */,
				A20001010000000000000045 /* TelegramResponseTimeView.swift */,
				A20001010000000000000046 /* BreakTrackingView.swift */,
			);
			path = Settings;
			sourceTree = "<group>";
		};
		A40001010000000000000013 /* Components */ = {
			isa = PBXGroup;
			children = (
				A20001010000000000000021 /* AvatarView.swift */,
				A20001010000000000000022 /* SourceBadge.swift */,
				A20001010000000000000023 /* PeriodSelector.swift */,
				A20001010000000000000024 /* StatCard.swift */,
				A20001010000000000000025 /* TransactionRow.swift */,
				A20001010000000000000026 /* WorkerCard.swift */,
				A20001010000000000000027 /* SkeletonView.swift */,
				A20001010000000000000028 /* EmptyStateView.swift */,
			);
			path = Components;
			sourceTree = "<group>";
		};
		A40001010000000000000015 /* Extensions */ = {
			isa = PBXGroup;
			children = (
				A20001010000000000000029 /* Date+Helpers.swift */,
				A20001010000000000000030 /* Decimal+Formatting.swift */,
				A20001010000000000000031 /* Color+Brand.swift */,
			);
			path = Extensions;
			sourceTree = "<group>";
		};
/* End PBXGroup section */

/* Begin PBXNativeTarget section */
		A50001010000000000000001 /* IncomeTracker */ = {
			isa = PBXNativeTarget;
			buildConfigurationList = A70001010000000000000003 /* Build configuration list for PBXNativeTarget "IncomeTracker" */;
			buildPhases = (
				A60001010000000000000001 /* Sources */,
				A30001010000000000000001 /* Frameworks */,
				A60001010000000000000002 /* Resources */,
			);
			buildRules = (
			);
			dependencies = (
			);
			name = IncomeTracker;
			productName = IncomeTracker;
			productReference = A20001010000000000000034 /* IncomeTracker.app */;
			productType = "com.apple.product-type.application";
		};
/* End PBXNativeTarget section */

/* Begin PBXProject section */
		A80001010000000000000001 /* Project object */ = {
			isa = PBXProject;
			attributes = {
				BuildIndependentTargetsInParallel = 1;
				LastSwiftUpdateCheck = 1500;
				LastUpgradeCheck = 1500;
				ORGANIZATIONNAME = IncomeTracker;
				TargetAttributes = {
					A50001010000000000000001 = {
						CreatedOnToolsVersion = 15.0;
					};
				};
			};
			buildConfigurationList = A70001010000000000000001 /* Build configuration list for PBXProject "IncomeTracker" */;
			compatibilityVersion = "Xcode 14.0";
			developmentRegion = en;
			hasScannedForEncodings = 0;
			knownRegions = (
				en,
				Base,
			);
			mainGroup = A40001010000000000000001 /* Root */;
			productRefGroup = A40001010000000000000099 /* Products */;
			projectDirPath = "";
			projectRoot = "";
			targets = (
				A50001010000000000000001 /* IncomeTracker */,
			);
		};
/* End PBXProject section */

/* Begin PBXResourcesBuildPhase section */
		A60001010000000000000002 /* Resources */ = {
			isa = PBXResourcesBuildPhase;
			buildActionMask = 2147483647;
			files = (
				A10001010000000000000032 /* Assets.xcassets in Resources */,
				A10001010000000000000040 /* shopify_sale.caf in Resources */,
			);
			runOnlyForDeploymentPostprocessing = 0;
		};
/* End PBXResourcesBuildPhase section */

/* Begin PBXSourcesBuildPhase section */
		A60001010000000000000001 /* Sources */ = {
			isa = PBXSourcesBuildPhase;
			buildActionMask = 2147483647;
			files = (
				A10001010000000000000001 /* IncomeTrackerApp.swift in Sources */,
				A10001010000000000000002 /* AppTheme.swift in Sources */,
				A10001010000000000000003 /* Enums.swift in Sources */,
				A10001010000000000000004 /* Worker.swift in Sources */,
				A10001010000000000000005 /* Transaction.swift in Sources */,
				A10001010000000000000007 /* DashboardViewModel.swift in Sources */,
				A10001010000000000000008 /* TransactionsViewModel.swift in Sources */,
				A10001010000000000000009 /* WorkersViewModel.swift in Sources */,
				A10001010000000000000010 /* SettingsViewModel.swift in Sources */,
				A10001010000000000000011 /* DashboardView.swift in Sources */,
				A10001010000000000000012 /* IncomeChartView.swift in Sources */,
				A10001010000000000000013 /* SourceBreakdownCard.swift in Sources */,
				A10001010000000000000014 /* TransactionsListView.swift in Sources */,
				A10001010000000000000015 /* TransactionDetailSheet.swift in Sources */,
				A10001010000000000000016 /* TransactionFilterBar.swift in Sources */,
				A10001010000000000000017 /* WorkersListView.swift in Sources */,
				A10001010000000000000018 /* WorkerDetailView.swift in Sources */,
				A10001010000000000000019 /* AddWorkerSheet.swift in Sources */,
				A10001010000000000000020 /* SettingsView.swift in Sources */,
				A10001010000000000000021 /* AvatarView.swift in Sources */,
				A10001010000000000000022 /* SourceBadge.swift in Sources */,
				A10001010000000000000023 /* PeriodSelector.swift in Sources */,
				A10001010000000000000024 /* StatCard.swift in Sources */,
				A10001010000000000000025 /* TransactionRow.swift in Sources */,
				A10001010000000000000026 /* WorkerCard.swift in Sources */,
				A10001010000000000000027 /* SkeletonView.swift in Sources */,
				A10001010000000000000028 /* EmptyStateView.swift in Sources */,
				A10001010000000000000029 /* Date+Helpers.swift in Sources */,
				A10001010000000000000030 /* Decimal+Formatting.swift in Sources */,
				A10001010000000000000031 /* Color+Brand.swift in Sources */,
				A10001010000000000000033 /* APIClient.swift in Sources */,
				A10001010000000000000034 /* APIEndpoints.swift in Sources */,
				A10001010000000000000035 /* APIModels.swift in Sources */,
				A10001010000000000000036 /* NetworkError.swift in Sources */,
				A10001010000000000000037 /* NotificationService.swift in Sources */,
				A10001010000000000000038 /* PollingService.swift in Sources */,
				A10001010000000000000039 /* CacheService.swift in Sources */,
				A10001010000000000000041 /* ScreenshotViewer.swift in Sources */,
				A10001010000000000000042 /* EditWorkerSheet.swift in Sources */,
				A10001010000000000000043 /* TelegramResponseTimeView.swift in Sources */,
				A10001010000000000000044 /* BreakTrackingView.swift in Sources */,
				A10001010000000000000045 /* WorkerEarningsChartView.swift in Sources */,
			);
			runOnlyForDeploymentPostprocessing = 0;
		};
/* End PBXSourcesBuildPhase section */

/* Begin XCBuildConfiguration section */
		A90001010000000000000001 /* Debug */ = {
			isa = XCBuildConfiguration;
			buildSettings = {
				ALWAYS_SEARCH_USER_PATHS = NO;
				ASSETCATALOG_COMPILER_GENERATE_SWIFT_ASSET_SYMBOL_EXTENSIONS = YES;
				CLANG_ANALYZER_NONNULL = YES;
				CLANG_ANALYZER_NUMBER_OBJECT_CONVERSION = YES_AGGRESSIVE;
				CLANG_CXX_LANGUAGE_STANDARD = "gnu++20";
				CLANG_ENABLE_MODULES = YES;
				CLANG_ENABLE_OBJC_ARC = YES;
				CLANG_ENABLE_OBJC_WEAK = YES;
				CLANG_WARN_BLOCK_CAPTURE_AUTORELEASING = YES;
				CLANG_WARN_BOOL_CONVERSION = YES;
				CLANG_WARN_COMMA = YES;
				CLANG_WARN_CONSTANT_CONVERSION = YES;
				CLANG_WARN_DEPRECATED_OBJC_IMPLEMENTATIONS = YES;
				CLANG_WARN_DIRECT_OBJC_ISA_USAGE = YES_ERROR;
				CLANG_WARN_DOCUMENTATION_COMMENTS = YES;
				CLANG_WARN_EMPTY_BODY = YES;
				CLANG_WARN_ENUM_CONVERSION = YES;
				CLANG_WARN_INFINITE_RECURSION = YES;
				CLANG_WARN_INT_CONVERSION = YES;
				CLANG_WARN_NON_LITERAL_NULL_CONVERSION = YES;
				CLANG_WARN_OBJC_IMPLICIT_RETAIN_SELF = YES;
				CLANG_WARN_OBJC_LITERAL_CONVERSION = YES;
				CLANG_WARN_OBJC_ROOT_CLASS = YES_ERROR;
				CLANG_WARN_QUOTED_INCLUDE_IN_FRAMEWORK_HEADER = YES;
				CLANG_WARN_RANGE_LOOP_ANALYSIS = YES;
				CLANG_WARN_STRICT_PROTOTYPES = YES;
				CLANG_WARN_SUSPICIOUS_MOVE = YES;
				CLANG_WARN_UNGUARDED_AVAILABILITY = YES_AGGRESSIVE;
				CLANG_WARN_UNREACHABLE_CODE = YES;
				CLANG_WARN__DUPLICATE_METHOD_MATCH = YES;
				COPY_PHASE_STRIP = NO;
				DEBUG_INFORMATION_FORMAT = dwarf;
				ENABLE_STRICT_OBJC_MSGSEND = YES;
				ENABLE_TESTABILITY = YES;
				ENABLE_USER_SCRIPT_SANDBOXING = YES;
				GCC_C_LANGUAGE_STANDARD = gnu17;
				GCC_DYNAMIC_NO_PIC = NO;
				GCC_NO_COMMON_BLOCKS = YES;
				GCC_OPTIMIZATION_LEVEL = 0;
				GCC_PREPROCESSOR_DEFINITIONS = (
					"DEBUG=1",
					"$(inherited)",
				);
				GCC_WARN_64_TO_32_BIT_CONVERSION = YES;
				GCC_WARN_ABOUT_RETURN_TYPE = YES_ERROR;
				GCC_WARN_UNDECLARED_SELECTOR = YES;
				GCC_WARN_UNINITIALIZED_AUTOS = YES_AGGRESSIVE;
				GCC_WARN_UNUSED_FUNCTION = YES;
				GCC_WARN_UNUSED_VARIABLE = YES;
				IPHONEOS_DEPLOYMENT_TARGET = 16.0;
				LOCALIZATION_PREFERS_STRING_CATALOGS = YES;
				MTL_ENABLE_DEBUG_INFO = INCLUDE_SOURCE;
				MTL_FAST_MATH = YES;
				ONLY_ACTIVE_ARCH = YES;
				SDKROOT = iphoneos;
				SWIFT_ACTIVE_COMPILATION_CONDITIONS = "DEBUG $(inherited)";
				SWIFT_OPTIMIZATION_LEVEL = "-Onone";
			};
			name = Debug;
		};
		A90001010000000000000002 /* Release */ = {
			isa = XCBuildConfiguration;
			buildSettings = {
				ALWAYS_SEARCH_USER_PATHS = NO;
				ASSETCATALOG_COMPILER_GENERATE_SWIFT_ASSET_SYMBOL_EXTENSIONS = YES;
				CLANG_ANALYZER_NONNULL = YES;
				CLANG_ANALYZER_NUMBER_OBJECT_CONVERSION = YES_AGGRESSIVE;
				CLANG_CXX_LANGUAGE_STANDARD = "gnu++20";
				CLANG_ENABLE_MODULES = YES;
				CLANG_ENABLE_OBJC_ARC = YES;
				CLANG_ENABLE_OBJC_WEAK = YES;
				CLANG_WARN_BLOCK_CAPTURE_AUTORELEASING = YES;
				CLANG_WARN_BOOL_CONVERSION = YES;
				CLANG_WARN_COMMA = YES;
				CLANG_WARN_CONSTANT_CONVERSION = YES;
				CLANG_WARN_DEPRECATED_OBJC_IMPLEMENTATIONS = YES;
				CLANG_WARN_DIRECT_OBJC_ISA_USAGE = YES_ERROR;
				CLANG_WARN_DOCUMENTATION_COMMENTS = YES;
				CLANG_WARN_EMPTY_BODY = YES;
				CLANG_WARN_ENUM_CONVERSION = YES;
				CLANG_WARN_INFINITE_RECURSION = YES;
				CLANG_WARN_INT_CONVERSION = YES;
				CLANG_WARN_NON_LITERAL_NULL_CONVERSION = YES;
				CLANG_WARN_OBJC_IMPLICIT_RETAIN_SELF = YES;
				CLANG_WARN_OBJC_LITERAL_CONVERSION = YES;
				CLANG_WARN_OBJC_ROOT_CLASS = YES_ERROR;
				CLANG_WARN_QUOTED_INCLUDE_IN_FRAMEWORK_HEADER = YES;
				CLANG_WARN_RANGE_LOOP_ANALYSIS = YES;
				CLANG_WARN_STRICT_PROTOTYPES = YES;
				CLANG_WARN_SUSPICIOUS_MOVE = YES;
				CLANG_WARN_UNGUARDED_AVAILABILITY = YES_AGGRESSIVE;
				CLANG_WARN_UNREACHABLE_CODE = YES;
				CLANG_WARN__DUPLICATE_METHOD_MATCH = YES;
				COPY_PHASE_STRIP = NO;
				DEBUG_INFORMATION_FORMAT = "dwarf-with-dsym";
				ENABLE_NS_ASSERTIONS = NO;
				ENABLE_STRICT_OBJC_MSGSEND = YES;
				ENABLE_USER_SCRIPT_SANDBOXING = YES;
				GCC_C_LANGUAGE_STANDARD = gnu17;
				GCC_NO_COMMON_BLOCKS = YES;
				GCC_WARN_64_TO_32_BIT_CONVERSION = YES;
				GCC_WARN_ABOUT_RETURN_TYPE = YES_ERROR;
				GCC_WARN_UNDECLARED_SELECTOR = YES;
				GCC_WARN_UNINITIALIZED_AUTOS = YES_AGGRESSIVE;
				GCC_WARN_UNUSED_FUNCTION = YES;
				GCC_WARN_UNUSED_VARIABLE = YES;
				IPHONEOS_DEPLOYMENT_TARGET = 16.0;
				LOCALIZATION_PREFERS_STRING_CATALOGS = YES;
				MTL_ENABLE_DEBUG_INFO = NO;
				MTL_FAST_MATH = YES;
				SDKROOT = iphoneos;
				SWIFT_COMPILATION_MODE = wholemodule;
				VALIDATE_PRODUCT = YES;
			};
			name = Release;
		};
		A90001010000000000000003 /* Debug */ = {
			isa = XCBuildConfiguration;
			buildSettings = {
				ASSETCATALOG_COMPILER_APPICON_NAME = AppIcon;
				ASSETCATALOG_COMPILER_GLOBAL_ACCENT_COLOR_NAME = AccentColor;
				CODE_SIGN_STYLE = Automatic;
				CURRENT_PROJECT_VERSION = 1;
				DEVELOPMENT_ASSET_PATHS = "";
				ENABLE_PREVIEWS = YES;
				GENERATE_INFOPLIST_FILE = YES;
				INFOPLIST_FILE = IncomeTracker/Info.plist;
				INFOPLIST_KEY_CFBundleDisplayName = IncomeTracker;
				INFOPLIST_KEY_UIApplicationSceneManifest_Generation = YES;
				INFOPLIST_KEY_UIApplicationSupportsIndirectInputEvents = YES;
				INFOPLIST_KEY_UILaunchScreen_Generation = YES;
				INFOPLIST_KEY_UISupportedInterfaceOrientations_iPad = "UIInterfaceOrientationPortrait UIInterfaceOrientationPortraitUpsideDown UIInterfaceOrientationLandscapeLeft UIInterfaceOrientationLandscapeRight";
				INFOPLIST_KEY_UISupportedInterfaceOrientations_iPhone = "UIInterfaceOrientationPortrait UIInterfaceOrientationLandscapeLeft UIInterfaceOrientationLandscapeRight";
				IPHONEOS_DEPLOYMENT_TARGET = 16.0;
				LD_RUNPATH_SEARCH_PATHS = (
					"$(inherited)",
					"@executable_path/Frameworks",
				);
				MARKETING_VERSION = 1.1.4;
				PRODUCT_BUNDLE_IDENTIFIER = "com.incometracker.app";
				PRODUCT_NAME = "$(TARGET_NAME)";
				SWIFT_EMIT_LOC_STRINGS = YES;
				SWIFT_VERSION = 5.0;
				TARGETED_DEVICE_FAMILY = "1,2";
			};
			name = Debug;
		};
		A90001010000000000000004 /* Release */ = {
			isa = XCBuildConfiguration;
			buildSettings = {
				ASSETCATALOG_COMPILER_APPICON_NAME = AppIcon;
				ASSETCATALOG_COMPILER_GLOBAL_ACCENT_COLOR_NAME = AccentColor;
				CODE_SIGN_STYLE = Automatic;
				CURRENT_PROJECT_VERSION = 1;
				DEVELOPMENT_ASSET_PATHS = "";
				ENABLE_PREVIEWS = YES;
				GENERATE_INFOPLIST_FILE = YES;
				INFOPLIST_FILE = IncomeTracker/Info.plist;
				INFOPLIST_KEY_CFBundleDisplayName = IncomeTracker;
				INFOPLIST_KEY_UIApplicationSceneManifest_Generation = YES;
				INFOPLIST_KEY_UIApplicationSupportsIndirectInputEvents = YES;
				INFOPLIST_KEY_UILaunchScreen_Generation = YES;
				INFOPLIST_KEY_UISupportedInterfaceOrientations_iPad = "UIInterfaceOrientationPortrait UIInterfaceOrientationPortraitUpsideDown UIInterfaceOrientationLandscapeLeft UIInterfaceOrientationLandscapeRight";
				INFOPLIST_KEY_UISupportedInterfaceOrientations_iPhone = "UIInterfaceOrientationPortrait UIInterfaceOrientationLandscapeLeft UIInterfaceOrientationLandscapeRight";
				IPHONEOS_DEPLOYMENT_TARGET = 16.0;
				LD_RUNPATH_SEARCH_PATHS = (
					"$(inherited)",
					"@executable_path/Frameworks",
				);
				MARKETING_VERSION = 1.1.4;
				PRODUCT_BUNDLE_IDENTIFIER = "com.incometracker.app";
				PRODUCT_NAME = "$(TARGET_NAME)";
				SWIFT_EMIT_LOC_STRINGS = YES;
				SWIFT_VERSION = 5.0;
				TARGETED_DEVICE_FAMILY = "1,2";
			};
			name = Release;
		};
/* End XCBuildConfiguration section */

/* Begin XCConfigurationList section */
		A70001010000000000000001 /* Build configuration list for PBXProject "IncomeTracker" */ = {
			isa = XCConfigurationList;
			buildConfigurations = (
				A90001010000000000000001 /* Debug */,
				A90001010000000000000002 /* Release */,
			);
			defaultConfigurationIsVisible = 0;
			defaultConfigurationName = Release;
		};
		A70001010000000000000003 /* Build configuration list for PBXNativeTarget "IncomeTracker" */ = {
			isa = XCConfigurationList;
			buildConfigurations = (
				A90001010000000000000003 /* Debug */,
				A90001010000000000000004 /* Release */,
			);
			defaultConfigurationIsVisible = 0;
			defaultConfigurationName = Release;
		};
/* End XCConfigurationList section */
	};
	rootObject = A80001010000000000000001 /* Project object */;
}
